
Microsoft Visual Studio Solution File, Format Version 12.00
# Visual Studio Version 16
VisualStudioVersion = 16.0.32510.428
MinimumVisualStudioVersion = 10.0.40219.1
Project("{FAE04EC0-301F-11D3-BF4B-00C04F79EFBC}") = "home5", "home5.csproj", "{8122335E-040A-4A96-BFBE-1D3EA6A32CB4}"
EndProject
Global
	GlobalSection(SolutionConfigurationPlatforms) = preSolution
		Debug|Any CPU = Debug|Any CPU
		Release|Any CPU = Release|Any CPU
	EndGlobalSection
	GlobalSection(ProjectConfigurationPlatforms) = postSolution
		{8122335E-040A-4A96-BFBE-1D3EA6A32CB4}.Debug|Any CPU.ActiveCfg = Debug|Any CPU
		{8122335E-040A-4A96-BFBE-1D3EA6A32CB4}.Debug|Any CPU.Build.0 = Debug|Any CPU
		{8122335E-040A-4A96-BFBE-1D3EA6A32CB4}.Release|Any CPU.ActiveCfg = Release|Any CPU
		{8122335E-040A-4A96-BFBE-1D3EA6A32CB4}.Release|Any CPU.Build.0 = Release|Any CPU
	EndGlobalSection
	GlobalSection(SolutionProperties) = preSolution
		HideSolutionNode = FALSE
	EndGlobalSection
	GlobalSection(ExtensibilityGlobals) = postSolution
		SolutionGuid = {AB1093CA-7DB3-4A0F-AF21-D7A35127C706}
	EndGlobalSection
EndGlobal
